
Microsoft Visual Studio Solution File, Format Version 12.00
# Visual Studio Version 17
VisualStudioVersion = 17.4.33213.308
MinimumVisualStudioVersion = 10.0.40219.1
Project("{9A19103F-16F7-4668-BE54-9A1E7A4F7556}") = "examenTecnicoAnime", "examenTecnicoAnime\examenTecnicoAnime.csproj", "{BD68E579-AAC4-4FBC-9B36-12C1EA71027C}"
EndProject
Project("{FAE04EC0-301F-11D3-BF4B-00C04F79EFBC}") = "DL", "DL\DL.csproj", "{A9820496-0758-4012-B565-D4C815C6F268}"
EndProject
Global
	GlobalSection(SolutionConfigurationPlatforms) = preSolution
		Debug|Any CPU = Debug|Any CPU
		Release|Any CPU = Release|Any CPU
	EndGlobalSection
	GlobalSection(ProjectConfigurationPlatforms) = postSolution
		{BD68E579-AAC4-4FBC-9B36-12C1EA71027C}.Debug|Any CPU.ActiveCfg = Debug|Any CPU
		{BD68E579-AAC4-4FBC-9B36-12C1EA71027C}.Debug|Any CPU.Build.0 = Debug|Any CPU
		{BD68E579-AAC4-4FBC-9B36-12C1EA71027C}.Release|Any CPU.ActiveCfg = Release|Any CPU
		{BD68E579-AAC4-4FBC-9B36-12C1EA71027C}.Release|Any CPU.Build.0 = Release|Any CPU
		{A9820496-0758-4012-B565-D4C815C6F268}.Debug|Any CPU.ActiveCfg = Debug|Any CPU
		{A9820496-0758-4012-B565-D4C815C6F268}.Debug|Any CPU.Build.0 = Debug|Any CPU
		{A9820496-0758-4012-B565-D4C815C6F268}.Release|Any CPU.ActiveCfg = Release|Any CPU
		{A9820496-0758-4012-B565-D4C815C6F268}.Release|Any CPU.Build.0 = Release|Any CPU
	EndGlobalSection
	GlobalSection(SolutionProperties) = preSolution
		HideSolutionNode = FALSE
	EndGlobalSection
	GlobalSection(ExtensibilityGlobals) = postSolution
		SolutionGuid = {01F158F6-DA9A-42D3-A85C-DD212D994A73}
	EndGlobalSection
EndGlobal
